
Microsoft Visual Studio Solution File, Format Version 12.00
# Visual Studio Version 16
VisualStudioVersion = 16.0.31613.86
MinimumVisualStudioVersion = 10.0.40219.1
Project("{FAE04EC0-301F-11D3-BF4B-00C04F79EFBC}") = "ConsoleApp2", "ConsoleApp2\ConsoleApp2.csproj", "{06C344D3-C17E-4539-AD22-1941716A38D3}"
EndProject
Global
	GlobalSection(SolutionConfigurationPlatforms) = preSolution
		Debug|Any CPU = Debug|Any CPU
		Release|Any CPU = Release|Any CPU
	EndGlobalSection
	GlobalSection(ProjectConfigurationPlatforms) = postSolution
		{06C344D3-C17E-4539-AD22-1941716A38D3}.Debug|Any CPU.ActiveCfg = Debug|Any CPU
		{06C344D3-C17E-4539-AD22-1941716A38D3}.Debug|Any CPU.Build.0 = Debug|Any CPU
		{06C344D3-C17E-4539-AD22-1941716A38D3}.Release|Any CPU.ActiveCfg = Release|Any CPU
		{06C344D3-C17E-4539-AD22-1941716A38D3}.Release|Any CPU.Build.0 = Release|Any CPU
	EndGlobalSection
	GlobalSection(SolutionProperties) = preSolution
		HideSolutionNode = FALSE
	EndGlobalSection
	GlobalSection(ExtensibilityGlobals) = postSolution
		SolutionGuid = {7CD932A7-24A4-4D0F-B2FD-21334053063F}
	EndGlobalSection
EndGlobal
